// !$*UTF8*$!
{
	archiveVersion = 1;
	classes = {
	};
	objectVersion = 46;
	objects = {

/* Begin PBXBuildFile section */
		C3A8B9991CBF25E200BEFCF7 /* main.m in Sources */ = {isa = PBXBuildFile; fileRef = C3A8B9981CBF25E200BEFCF7 /* main.m */; };
		C3A8B99C1CBF25E200BEFCF7 /* AppDelegate.m in Sources */ = {isa = PBXBuildFile; fileRef = C3A8B99B1CBF25E200BEFCF7 /* AppDelegate.m */; };
		C3A8B99F1CBF25E200BEFCF7 /* ViewController.m in Sources */ = {isa = PBXBuildFile; fileRef = C3A8B99E1CBF25E200BEFCF7 /* ViewController.m */; };
		C3A8B9A41CBF25E200BEFCF7 /* Assets.xcassets in Resources */ = {isa = PBXBuildFile; fileRef = C3A8B9A31CBF25E200BEFCF7 /* Assets.xcassets */; };
		C3A8B9A71CBF25E200BEFCF7 /* LaunchScreen.storyboard in Resources */ = {isa = PBXBuildFile; fileRef = C3A8B9A51CBF25E200BEFCF7 /* LaunchScreen.storyboard */; };
		C3A8B9B11CBF27C600BEFCF7 /* WHC_Banner.m in Sources */ = {isa = PBXBuildFile; fileRef = C3A8B9B01CBF27C600BEFCF7 /* WHC_Banner.m */; };
		C3A8B9B71CBF4A1100BEFCF7 /* banner-0.jpg in Resources */ = {isa = PBXBuildFile; fileRef = C3A8B9B41CBF4A1100BEFCF7 /* banner-0.jpg */; };
		C3A8B9B81CBF4A1100BEFCF7 /* banner-1.jpg in Resources */ = {isa = PBXBuildFile; fileRef = C3A8B9B51CBF4A1100BEFCF7 /* banner-1.jpg */; };
		C3A8B9B91CBF4A1100BEFCF7 /* banner-2.jpg in Resources */ = {isa = PBXBuildFile; fileRef = C3A8B9B61CBF4A1100BEFCF7 /* banner-2.jpg */; };
		C3A8B9E81CBF86E400BEFCF7 /* README.md in Sources */ = {isa = PBXBuildFile; fileRef = C3A8B9E61CBF86E400BEFCF7 /* README.md */; };
		C3A8B9E91CBF86E400BEFCF7 /* show.gif in Resources */ = {isa = PBXBuildFile; fileRef = C3A8B9E71CBF86E400BEFCF7 /* show.gif */; };
/* End PBXBuildFile section */

/* Begin PBXFileReference section */
		C3A8B9941CBF25E200BEFCF7 /* WHC_BannerKit.app */ = {isa = PBXFileReference; explicitFileType = wrapper.application; includeInIndex = 0; path = WHC_BannerKit.app; sourceTree = BUILT_PRODUCTS_DIR; };
		C3A8B9981CBF25E200BEFCF7 /* main.m */ = {isa = PBXFileReference; lastKnownFileType = sourcecode.c.objc; path = main.m; sourceTree = "<group>"; };
		C3A8B99A1CBF25E200BEFCF7 /* AppDelegate.h */ = {isa = PBXFileReference; lastKnownFileType = sourcecode.c.h; path = AppDelegate.h; sourceTree = "<group>"; };
		C3A8B99B1CBF25E200BEFCF7 /* AppDelegate.m */ = {isa = PBXFileReference; lastKnownFileType = sourcecode.c.objc; path = AppDelegate.m; sourceTree = "<group>"; };
		C3A8B99D1CBF25E200BEFCF7 /* ViewController.h */ = {isa = PBXFileReference; lastKnownFileType = sourcecode.c.h; path = ViewController.h; sourceTree = "<group>"; };
		C3A8B99E1CBF25E200BEFCF7 /* ViewController.m */ = {isa = PBXFileReference; lastKnownFileType = sourcecode.c.objc; path = ViewController.m; sourceTree = "<group>"; };
		C3A8B9A31CBF25E200BEFCF7 /* Assets.xcassets */ = {isa = PBXFileReference; lastKnownFileType = folder.assetcatalog; path = Assets.xcassets; sourceTree = "<group>"; };
		C3A8B9A61CBF25E200BEFCF7 /* Base */ = {isa = PBXFileReference; lastKnownFileType = file.storyboard; name = Base; path = Base.lproj/LaunchScreen.storyboard; sourceTree = "<group>"; };
		C3A8B9A81CBF25E200BEFCF7 /* Info.plist */ = {isa = PBXFileReference; lastKnownFileType = text.plist.xml; path = Info.plist; sourceTree = "<group>"; };
		C3A8B9AF1CBF27C600BEFCF7 /* WHC_Banner.h */ = {isa = PBXFileReference; fileEncoding = 4; lastKnownFileType = sourcecode.c.h; path = WHC_Banner.h; sourceTree = "<group>"; };
		C3A8B9B01CBF27C600BEFCF7 /* WHC_Banner.m */ = {isa = PBXFileReference; fileEncoding = 4; lastKnownFileType = sourcecode.c.objc; path = WHC_Banner.m; sourceTree = "<group>"; };
		C3A8B9B41CBF4A1100BEFCF7 /* banner-0.jpg */ = {isa = PBXFileReference; lastKnownFileType = image.jpeg; path = "banner-0.jpg"; sourceTree = "<group>"; };
		C3A8B9B51CBF4A1100BEFCF7 /* banner-1.jpg */ = {isa = PBXFileReference; lastKnownFileType = image.jpeg; path = "banner-1.jpg"; sourceTree = "<group>"; };
		C3A8B9B61CBF4A1100BEFCF7 /* banner-2.jpg */ = {isa = PBXFileReference; lastKnownFileType = image.jpeg; path = "banner-2.jpg"; sourceTree = "<group>"; };
		C3A8B9E61CBF86E400BEFCF7 /* README.md */ = {isa = PBXFileReference; fileEncoding = 4; lastKnownFileType = net.daringfireball.markdown; path = README.md; sourceTree = "<group>"; };
		C3A8B9E71CBF86E400BEFCF7 /* show.gif */ = {isa = PBXFileReference; lastKnownFileType = image.gif; path = show.gif; sourceTree = "<group>"; };
/* End PBXFileReference section */

/* Begin PBXFrameworksBuildPhase section */
		C3A8B9911CBF25E200BEFCF7 /* Frameworks */ = {
			isa = PBXFrameworksBuildPhase;
			buildActionMask = 2147483647;
			files = (
			);
			runOnlyForDeploymentPostprocessing = 0;
		};
/* End PBXFrameworksBuildPhase section */

/* Begin PBXGroup section */
		C3A8B98B1CBF25E200BEFCF7 = {
			isa = PBXGroup;
			children = (
				C3A8B9961CBF25E200BEFCF7 /* WHC_BannerKit */,
				C3A8B9951CBF25E200BEFCF7 /* Products */,
			);
			sourceTree = "<group>";
		};
		C3A8B9951CBF25E200BEFCF7 /* Products */ = {
			isa = PBXGroup;
			children = (
				C3A8B9941CBF25E200BEFCF7 /* WHC_BannerKit.app */,
			);
			name = Products;
			sourceTree = "<group>";
		};
		C3A8B9961CBF25E200BEFCF7 /* WHC_BannerKit */ = {
			isa = PBXGroup;
			children = (
				C3A8B9E61CBF86E400BEFCF7 /* README.md */,
				C3A8B9E71CBF86E400BEFCF7 /* show.gif */,
				C3A8B9B31CBF4A1100BEFCF7 /* images */,
				C3A8B9AE1CBF27C600BEFCF7 /* WHC_BannerKit */,
				C3A8B99A1CBF25E200BEFCF7 /* AppDelegate.h */,
				C3A8B99B1CBF25E200BEFCF7 /* AppDelegate.m */,
				C3A8B99D1CBF25E200BEFCF7 /* ViewController.h */,
				C3A8B99E1CBF25E200BEFCF7 /* ViewController.m */,
				C3A8B9A31CBF25E200BEFCF7 /* Assets.xcassets */,
				C3A8B9A51CBF25E200BEFCF7 /* LaunchScreen.storyboard */,
				C3A8B9A81CBF25E200BEFCF7 /* Info.plist */,
				C3A8B9971CBF25E200BEFCF7 /* Supporting Files */,
			);
			path = WHC_BannerKit;
			sourceTree = "<group>";
		};
		C3A8B9971CBF25E200BEFCF7 /* Supporting Files */ = {
			isa = PBXGroup;
			children = (
				C3A8B9981CBF25E200BEFCF7 /* main.m */,
			);
			name = "Supporting Files";
			sourceTree = "<group>";
		};
		C3A8B9AE1CBF27C600BEFCF7 /* WHC_BannerKit */ = {
			isa = PBXGroup;
			children = (
				C3A8B9AF1CBF27C600BEFCF7 /* WHC_Banner.h */,
				C3A8B9B01CBF27C600BEFCF7 /* WHC_Banner.m */,
			);
			path = WHC_BannerKit;
			sourceTree = "<group>";
		};
		C3A8B9B31CBF4A1100BEFCF7 /* images */ = {
			isa = PBXGroup;
			children = (
				C3A8B9B41CBF4A1100BEFCF7 /* banner-0.jpg */,
				C3A8B9B51CBF4A1100BEFCF7 /* banner-1.jpg */,
				C3A8B9B61CBF4A1100BEFCF7 /* banner-2.jpg */,
			);
			path = images;
			sourceTree = "<group>";
		};
/* End PBXGroup section */

/* Begin PBXNativeTarget section */
		C3A8B9931CBF25E200BEFCF7 /* WHC_BannerKit */ = {
			isa = PBXNativeTarget;
			buildConfigurationList = C3A8B9AB1CBF25E200BEFCF7 /* Build configuration list for PBXNativeTarget "WHC_BannerKit" */;
			buildPhases = (
				C3A8B9901CBF25E200BEFCF7 /* Sources */,
				C3A8B9911CBF25E200BEFCF7 /* Frameworks */,
				C3A8B9921CBF25E200BEFCF7 /* Resources */,
			);
			buildRules = (
			);
			dependencies = (
			);
			name = WHC_BannerKit;
			productName = WHC_BannerKit;
			productReference = C3A8B9941CBF25E200BEFCF7 /* WHC_BannerKit.app */;
			productType = "com.apple.product-type.application";
		};
/* End PBXNativeTarget section */

/* Begin PBXProject section */
		C3A8B98C1CBF25E200BEFCF7 /* Project object */ = {
			isa = PBXProject;
			attributes = {
				LastUpgradeCheck = 0720;
				ORGANIZATIONNAME = "吴海超";
				TargetAttributes = {
					C3A8B9931CBF25E200BEFCF7 = {
						CreatedOnToolsVersion = 7.2;
					};
				};
			};
			buildConfigurationList = C3A8B98F1CBF25E200BEFCF7 /* Build configuration list for PBXProject "WHC_BannerKit" */;
			compatibilityVersion = "Xcode 3.2";
			developmentRegion = English;
			hasScannedForEncodings = 0;
			knownRegions = (
				en,
				Base,
			);
			mainGroup = C3A8B98B1CBF25E200BEFCF7;
			productRefGroup = C3A8B9951CBF25E200BEFCF7 /* Products */;
			projectDirPath = "";
			projectRoot = "";
			targets = (
				C3A8B9931CBF25E200BEFCF7 /* WHC_BannerKit */,
			);
		};
/* End PBXProject section */

/* Begin PBXResourcesBuildPhase section */
		C3A8B9921CBF25E200BEFCF7 /* Resources */ = {
			isa = PBXResourcesBuildPhase;
			buildActionMask = 2147483647;
			files = (
				C3A8B9B71CBF4A1100BEFCF7 /* banner-0.jpg in Resources */,
				C3A8B9E91CBF86E400BEFCF7 /* show.gif in Resources */,
				C3A8B9A71CBF25E200BEFCF7 /* LaunchScreen.storyboard in Resources */,
				C3A8B9B91CBF4A1100BEFCF7 /* banner-2.jpg in Resources */,
				C3A8B9A41CBF25E200BEFCF7 /* Assets.xcassets in Resources */,
				C3A8B9B81CBF4A1100BEFCF7 /* banner-1.jpg in Resources */,
			);
			runOnlyForDeploymentPostprocessing = 0;
		};
/* End PBXResourcesBuildPhase section */

/* Begin PBXSourcesBuildPhase section */
		C3A8B9901CBF25E200BEFCF7 /* Sources */ = {
			isa = PBXSourcesBuildPhase;
			buildActionMask = 2147483647;
			files = (
				C3A8B99F1CBF25E200BEFCF7 /* ViewController.m in Sources */,
				C3A8B99C1CBF25E200BEFCF7 /* AppDelegate.m in Sources */,
				C3A8B9E81CBF86E400BEFCF7 /* README.md in Sources */,
				C3A8B9B11CBF27C600BEFCF7 /* WHC_Banner.m in Sources */,
				C3A8B9991CBF25E200BEFCF7 /* main.m in Sources */,
			);
			runOnlyForDeploymentPostprocessing = 0;
		};
/* End PBXSourcesBuildPhase section */

/* Begin PBXVariantGroup section */
		C3A8B9A51CBF25E200BEFCF7 /* LaunchScreen.storyboard */ = {
			isa = PBXVariantGroup;
			children = (
				C3A8B9A61CBF25E200BEFCF7 /* Base */,
			);
			name = LaunchScreen.storyboard;
			sourceTree = "<group>";
		};
/* End PBXVariantGroup section */

/* Begin XCBuildConfiguration section */
		C3A8B9A91CBF25E200BEFCF7 /* Debug */ = {
			isa = XCBuildConfiguration;
			buildSettings = {
				ALWAYS_SEARCH_USER_PATHS = NO;
				CLANG_CXX_LANGUAGE_STANDARD = "gnu++0x";
				CLANG_CXX_LIBRARY = "libc++";
				CLANG_ENABLE_MODULES = YES;
				CLANG_ENABLE_OBJC_ARC = YES;
				CLANG_WARN_BOOL_CONVERSION = YES;
				CLANG_WARN_CONSTANT_CONVERSION = YES;
				CLANG_WARN_DIRECT_OBJC_ISA_USAGE = YES_ERROR;
				CLANG_WARN_EMPTY_BODY = YES;
				CLANG_WARN_ENUM_CONVERSION = YES;
				CLANG_WARN_INT_CONVERSION = YES;
				CLANG_WARN_OBJC_ROOT_CLASS = YES_ERROR;
				CLANG_WARN_UNREACHABLE_CODE = YES;
				CLANG_WARN__DUPLICATE_METHOD_MATCH = YES;
				"CODE_SIGN_IDENTITY[sdk=iphoneos*]" = "iPhone Developer";
				COPY_PHASE_STRIP = NO;
				DEBUG_INFORMATION_FORMAT = dwarf;
				ENABLE_STRICT_OBJC_MSGSEND = YES;
				ENABLE_TESTABILITY = YES;
				GCC_C_LANGUAGE_STANDARD = gnu99;
				GCC_DYNAMIC_NO_PIC = NO;
				GCC_NO_COMMON_BLOCKS = YES;
				GCC_OPTIMIZATION_LEVEL = 0;
				GCC_PREPROCESSOR_DEFINITIONS = (
					"DEBUG=1",
					"$(inherited)",
				);
				GCC_WARN_64_TO_32_BIT_CONVERSION = YES;
				GCC_WARN_ABOUT_RETURN_TYPE = YES_ERROR;
				GCC_WARN_UNDECLARED_SELECTOR = YES;
				GCC_WARN_UNINITIALIZED_AUTOS = YES_AGGRESSIVE;
				GCC_WARN_UNUSED_FUNCTION = YES;
				GCC_WARN_UNUSED_VARIABLE = YES;
				IPHONEOS_DEPLOYMENT_TARGET = 9.2;
				MTL_ENABLE_DEBUG_INFO = YES;
				ONLY_ACTIVE_ARCH = YES;
				SDKROOT = iphoneos;
			};
			name = Debug;
		};
		C3A8B9AA1CBF25E200BEFCF7 /* Release */ = {
			isa = XCBuildConfiguration;
			buildSettings = {
				ALWAYS_SEARCH_USER_PATHS = NO;
				CLANG_CXX_LANGUAGE_STANDARD = "gnu++0x";
				CLANG_CXX_LIBRARY = "libc++";
				CLANG_ENABLE_MODULES = YES;
				CLANG_ENABLE_OBJC_ARC = YES;
				CLANG_WARN_BOOL_CONVERSION = YES;
				CLANG_WARN_CONSTANT_CONVERSION = YES;
				CLANG_WARN_DIRECT_OBJC_ISA_USAGE = YES_ERROR;
				CLANG_WARN_EMPTY_BODY = YES;
				CLANG_WARN_ENUM_CONVERSION = YES;
				CLANG_WARN_INT_CONVERSION = YES;
				CLANG_WARN_OBJC_ROOT_CLASS = YES_ERROR;
				CLANG_WARN_UNREACHABLE_CODE = YES;
				CLANG_WARN__DUPLICATE_METHOD_MATCH = YES;
				"CODE_SIGN_IDENTITY[sdk=iphoneos*]" = "iPhone Developer";
				COPY_PHASE_STRIP = NO;
				DEBUG_INFORMATION_FORMAT = "dwarf-with-dsym";
				ENABLE_NS_ASSERTIONS = NO;
				ENABLE_STRICT_OBJC_MSGSEND = YES;
				GCC_C_LANGUAGE_STANDARD = gnu99;
				GCC_NO_COMMON_BLOCKS = YES;
				GCC_WARN_64_TO_32_BIT_CONVERSION = YES;
				GCC_WARN_ABOUT_RETURN_TYPE = YES_ERROR;
				GCC_WARN_UNDECLARED_SELECTOR = YES;
				GCC_WARN_UNINITIALIZED_AUTOS = YES_AGGRESSIVE;
				GCC_WARN_UNUSED_FUNCTION = YES;
				GCC_WARN_UNUSED_VARIABLE = YES;
				IPHONEOS_DEPLOYMENT_TARGET = 9.2;
				MTL_ENABLE_DEBUG_INFO = NO;
				SDKROOT = iphoneos;
				VALIDATE_PRODUCT = YES;
			};
			name = Release;
		};
		C3A8B9AC1CBF25E200BEFCF7 /* Debug */ = {
			isa = XCBuildConfiguration;
			buildSettings = {
				ASSETCATALOG_COMPILER_APPICON_NAME = AppIcon;
				INFOPLIST_FILE = WHC_BannerKit/Info.plist;
				LD_RUNPATH_SEARCH_PATHS = "$(inherited) @executable_path/Frameworks";
				PRODUCT_BUNDLE_IDENTIFIER = "---.WHC-BannerKit";
				PRODUCT_NAME = "$(TARGET_NAME)";
			};
			name = Debug;
		};
		C3A8B9AD1CBF25E200BEFCF7 /* Release */ = {
			isa = XCBuildConfiguration;
			buildSettings = {
				ASSETCATALOG_COMPILER_APPICON_NAME = AppIcon;
				INFOPLIST_FILE = WHC_BannerKit/Info.plist;
				LD_RUNPATH_SEARCH_PATHS = "$(inherited) @executable_path/Frameworks";
				PRODUCT_BUNDLE_IDENTIFIER = "---.WHC-BannerKit";
				PRODUCT_NAME = "$(TARGET_NAME)";
			};
			name = Release;
		};
/* End XCBuildConfiguration section */

/* Begin XCConfigurationList section */
		C3A8B98F1CBF25E200BEFCF7 /* Build configuration list for PBXProject "WHC_BannerKit" */ = {
			isa = XCConfigurationList;
			buildConfigurations = (
				C3A8B9A91CBF25E200BEFCF7 /* Debug */,
				C3A8B9AA1CBF25E200BEFCF7 /* Release */,
			);
			defaultConfigurationIsVisible = 0;
			defaultConfigurationName = Release;
		};
		C3A8B9AB1CBF25E200BEFCF7 /* Build configuration list for PBXNativeTarget "WHC_BannerKit" */ = {
			isa = XCConfigurationList;
			buildConfigurations = (
				C3A8B9AC1CBF25E200BEFCF7 /* Debug */,
				C3A8B9AD1CBF25E200BEFCF7 /* Release */,
			);
			defaultConfigurationIsVisible = 0;
			defaultConfigurationName = Release;
		};
/* End XCConfigurationList section */
	};
	rootObject = C3A8B98C1CBF25E200BEFCF7 /* Project object */;
}
